
Microsoft Visual Studio Solution File, Format Version 12.00
# Visual Studio 15
VisualStudioVersion = 15.0.28307.329
MinimumVisualStudioVersion = 10.0.40219.1
Project("{8BC9CEB8-8B4A-11D0-8D11-00A0C91BC942}") = "EjercicioCasa_CCS", "EjercicioCasa_CCS\EjercicioCasa_CCS.vcxproj", "{C33E2A7E-3E0D-4EEE-9F2D-22AB2DC8DE7B}"
EndProject
Global
	GlobalSection(SolutionConfigurationPlatforms) = preSolution
		Debug|x64 = Debug|x64
		Debug|x86 = Debug|x86
		Release|x64 = Release|x64
		Release|x86 = Release|x86
	EndGlobalSection
	GlobalSection(ProjectConfigurationPlatforms) = postSolution
		{C33E2A7E-3E0D-4EEE-9F2D-22AB2DC8DE7B}.Debug|x64.ActiveCfg = Debug|x64
		{C33E2A7E-3E0D-4EEE-9F2D-22AB2DC8DE7B}.Debug|x64.Build.0 = Debug|x64
		{C33E2A7E-3E0D-4EEE-9F2D-22AB2DC8DE7B}.Debug|x86.ActiveCfg = Debug|Win32
		{C33E2A7E-3E0D-4EEE-9F2D-22AB2DC8DE7B}.Debug|x86.Build.0 = Debug|Win32
		{C33E2A7E-3E0D-4EEE-9F2D-22AB2DC8DE7B}.Release|x64.ActiveCfg = Release|x64
		{C33E2A7E-3E0D-4EEE-9F2D-22AB2DC8DE7B}.Release|x64.Build.0 = Release|x64
		{C33E2A7E-3E0D-4EEE-9F2D-22AB2DC8DE7B}.Release|x86.ActiveCfg = Release|Win32
		{C33E2A7E-3E0D-4EEE-9F2D-22AB2DC8DE7B}.Release|x86.Build.0 = Release|Win32
	EndGlobalSection
	GlobalSection(SolutionProperties) = preSolution
		HideSolutionNode = FALSE
	EndGlobalSection
	GlobalSection(ExtensibilityGlobals) = postSolution
		SolutionGuid = {3DC6AA4A-80AE-4655-90FF-CE40FAD96789}
	EndGlobalSection
EndGlobal
